{
  "name": "firebase-vk-telegram",
  "version": "1.0.0",
  "lockfileVersion": 1,
  "requires": true,
  "dependencies": {
    "chunk-text": {
      "version": "2.0.1",
      "resolved": "https://registry.npmjs.org/chunk-text/-/chunk-text-2.0.1.tgz",
      "integrity": "sha512-ER6TSpe2DT4wjOVOKJ3FFAYv7wE77HA/Ztz88Peiv3lq/2oVMsItYJJsVVI0xNZM8cdImOOTNqlw+LQz7gYdJg==",
      "requires": {
        "runes": "^0.4.3"
      }
    },
    "runes": {
      "version": "0.4.3",
      "resolved": "https://registry.npmjs.org/runes/-/runes-0.4.3.tgz",
      "integrity": "sha512-K6p9y4ZyL9wPzA+PMDloNQPfoDGTiFYDvdlXznyGKgD10BJpcAosvATKrExRKOrNLgD8E7Um7WGW0lxsnOuNLg=="
    }
  }
}
